
Microsoft Visual Studio Solution File, Format Version 12.00
# Visual Studio Version 17
VisualStudioVersion = 17.5.002.0
MinimumVisualStudioVersion = 10.0.40219.1
Project("{9A19103F-16F7-4668-BE54-9A1E7A4F7556}") = "MyAp", "MyAp\MyAp.csproj", "{C8D8393E-D72E-4996-AE3F-827252C4907D}"
EndProject
Global
	GlobalSection(SolutionConfigurationPlatforms) = preSolution
		Debug|Any CPU = Debug|Any CPU
		Release|Any CPU = Release|Any CPU
	EndGlobalSection
	GlobalSection(ProjectConfigurationPlatforms) = postSolution
		{C8D8393E-D72E-4996-AE3F-827252C4907D}.Debug|Any CPU.ActiveCfg = Debug|Any CPU
		{C8D8393E-D72E-4996-AE3F-827252C4907D}.Debug|Any CPU.Build.0 = Debug|Any CPU
		{C8D8393E-D72E-4996-AE3F-827252C4907D}.Release|Any CPU.ActiveCfg = Release|Any CPU
		{C8D8393E-D72E-4996-AE3F-827252C4907D}.Release|Any CPU.Build.0 = Release|Any CPU
	EndGlobalSection
	GlobalSection(SolutionProperties) = preSolution
		HideSolutionNode = FALSE
	EndGlobalSection
	GlobalSection(ExtensibilityGlobals) = postSolution
		SolutionGuid = {10223DF5-8B3A-49CB-B1F8-3243FFE0524A}
	EndGlobalSection
EndGlobal
